<?xml version="1.0" encoding="utf-8"?>
<Project ToolsVersion="4.0" xmlns="http://schemas.microsoft.com/developer/msbuild/2003">
  <ItemGroup>
    <Filter Include="Source Files">
      <UniqueIdentifier>{4FC737F1-C7A5-4376-A066-2A32D752A2FF}</UniqueIdentifier>
      <Extensions>cpp;c;cc;cxx;def;odl;idl;hpj;bat;asm;asmx</Extensions>
    </Filter>
    <Filter Include="Header Files">
      <UniqueIdentifier>{93995380-89BD-4b04-88EB-625FBE52EBFB}</UniqueIdentifier>
      <Extensions>h;hh;hpp;hxx;hm;inl;inc;xsd</Extensions>
    </Filter>
    <Filter Include="Resource Files">
      <UniqueIdentifier>{67DA6AB6-F800-4c08-8B7A-83BB121AAD01}</UniqueIdentifier>
      <Extensions>rc;ico;cur;bmp;dlg;rc2;rct;bin;rgs;gif;jpg;jpeg;jpe;resx;tiff;tif;png;wav;mfcribbon-ms</Extensions>
    </Filter>
    <Filter Include="Header Files\components">
      <UniqueIdentifier>{47f2b043-cbe5-47c6-9388-21b79b1ee93d}</UniqueIdentifier>
    </Filter>
    <Filter Include="Header Files\systems">
      <UniqueIdentifier>{55497336-84ea-4356-8cc7-2312e0773163}</UniqueIdentifier>
    </Filter>
    <Filter Include="Source Files\systems">
      <UniqueIdentifier>{78264a62-7fc3-407b-880f-63bc9dce0a63}</UniqueIdentifier>
    </Filter>
    <Filter Include="Header Files\structs">
      <UniqueIdentifier>{255f878f-b3e7-43de-8d6e-4b76f9b23d70}</UniqueIdentifier>
    </Filter>
    <Filter Include="Header Files\systems\utility_systems">
      <UniqueIdentifier>{cd4d612c-5a3c-47b0-84de-104e2c4a3a5c}</UniqueIdentifier>
    </Filter>
    <Filter Include="Header Files\systems\core_systems">
      <UniqueIdentifier>{a13a8531-e99a-44ee-887e-29cd17bd0fad}</UniqueIdentifier>
    </Filter>
    <Filter Include="Header Files\systems\menu_systems">
      <UniqueIdentifier>{d3ee49e1-e16e-4cc0-bd9a-4233b1672cdb}</UniqueIdentifier>
    </Filter>
    <Filter Include="Source Files\systems\core_systems">
      <UniqueIdentifier>{86c3abd9-29b3-455e-a255-f390316c9936}</UniqueIdentifier>
    </Filter>
    <Filter Include="Source Files\systems\utility_systems">
      <UniqueIdentifier>{557b36fc-4028-48f6-93de-0c8b7c74f41a}</UniqueIdentifier>
    </Filter>
    <Filter Include="Source Files\systems\menu_systems">
      <UniqueIdentifier>{7584a161-3531-4546-9b0e-fef3c4ae740a}</UniqueIdentifier>
    </Filter>
    <Filter Include="Source Files\systems\gameplay_systems">
      <UniqueIdentifier>{358dde53-0364-42ac-a63e-376a7283483a}</UniqueIdentifier>
    </Filter>
    <Filter Include="Header Files\systems\gameplay_systems">
      <UniqueIdentifier>{6ac72640-cc07-47dd-9b8c-83484b3777d0}</UniqueIdentifier>
    </Filter>
  </ItemGroup>
  <ItemGroup>
    <ClInclude Include="Game.h">
      <Filter>Header Files</Filter>
    </ClInclude>
    <ClInclude Include="EventTypes.h">
      <Filter>Header Files</Filter>
    </ClInclude>
    <ClInclude Include="Entity.h">
      <Filter>Header Files\components</Filter>
    </ClInclude>
    <ClInclude Include="Space.h">
      <Filter>Header Files\components</Filter>
    </ClInclude>
    <ClInclude Include="Components.h">
      <Filter>Header Files\components</Filter>
    </ClInclude>
    <ClInclude Include="Time.h">
      <Filter>Header Files</Filter>
    </ClInclude>
    <ClInclude Include="MenuLayout.h">
      <Filter>Header Files\structs</Filter>
    </ClInclude>
    <ClInclude Include="sdl_utils.h">
      <Filter>Header Files</Filter>
    </ClInclude>
    <ClInclude Include="asset_controller.h">
      <Filter>Header Files\systems\utility_systems</Filter>
    </ClInclude>
    <ClInclude Include="input_system.h">
      <Filter>Header Files\systems\core_systems</Filter>
    </ClInclude>
    <ClInclude Include="MainMenuSystem.h">
      <Filter>Header Files\systems\menu_systems</Filter>
    </ClInclude>
    <ClInclude Include="render_system.h">
      <Filter>Header Files\systems\core_systems</Filter>
    </ClInclude>
    <ClInclude Include="SpaceSystem.h">
      <Filter>Header Files\systems\core_systems</Filter>
    </ClInclude>
    <ClInclude Include="SplashScreeenSystem.h">
      <Filter>Header Files\systems\menu_systems</Filter>
    </ClInclude>
    <ClInclude Include="xml_system.h">
      <Filter>Header Files\systems\utility_systems</Filter>
    </ClInclude>
    <ClInclude Include="SDL_manager.h">
      <Filter>Header Files\systems\core_systems</Filter>
    </ClInclude>
    <ClInclude Include="level_loading_system.h">
      <Filter>Header Files\systems\menu_systems</Filter>
    </ClInclude>
    <ClInclude Include="map_system.h">
      <Filter>Header Files\systems\gameplay_systems</Filter>
    </ClInclude>
    <ClInclude Include="camera_system.h">
      <Filter>Header Files\systems\gameplay_systems</Filter>
    </ClInclude>
    <ClInclude Include="game_flow_normal.h">
      <Filter>Header Files\systems\gameplay_systems</Filter>
    </ClInclude>
    <ClInclude Include="character_system.h">
      <Filter>Header Files</Filter>
    </ClInclude>
  </ItemGroup>
  <ItemGroup>
    <ClCompile Include="Game.cpp">
      <Filter>Source Files</Filter>
    </ClCompile>
    <ClCompile Include="Main.cpp">
      <Filter>Source Files</Filter>
    </ClCompile>
    <ClCompile Include="sdl_utils.cpp">
      <Filter>Source Files</Filter>
    </ClCompile>
    <ClCompile Include="asset_controller.cpp">
      <Filter>Source Files\systems\utility_systems</Filter>
    </ClCompile>
    <ClCompile Include="MainMenuSystem.cpp">
      <Filter>Source Files\systems\menu_systems</Filter>
    </ClCompile>
    <ClCompile Include="input_system.cpp">
      <Filter>Source Files\systems\core_systems</Filter>
    </ClCompile>
    <ClCompile Include="render_system.cpp">
      <Filter>Source Files\systems\core_systems</Filter>
    </ClCompile>
    <ClCompile Include="SplashScreeenSystem.cpp">
      <Filter>Source Files\systems\menu_systems</Filter>
    </ClCompile>
    <ClCompile Include="SpaceSystem.cpp">
      <Filter>Source Files\systems\core_systems</Filter>
    </ClCompile>
    <ClCompile Include="xml_system.cpp">
      <Filter>Source Files\systems\utility_systems</Filter>
    </ClCompile>
    <ClCompile Include="SDL_manager.cpp">
      <Filter>Source Files\systems\core_systems</Filter>
    </ClCompile>
    <ClCompile Include="level_loading_system.cpp">
      <Filter>Source Files\systems\menu_systems</Filter>
    </ClCompile>
    <ClCompile Include="map_system.cpp">
      <Filter>Source Files\systems\gameplay_systems</Filter>
    </ClCompile>
    <ClCompile Include="camera_system.cpp">
      <Filter>Source Files\systems\gameplay_systems</Filter>
    </ClCompile>
    <ClCompile Include="game_flow_normal.cpp">
      <Filter>Source Files\systems\gameplay_systems</Filter>
    </ClCompile>
    <ClCompile Include="character_system.cpp">
      <Filter>Source Files</Filter>
    </ClCompile>
  </ItemGroup>
  <ItemGroup>
    <None Include="packages.config" />
  </ItemGroup>
</Project>